<?xml version="1.0" encoding="utf-8"?>
<Project ToolsVersion="4.0" xmlns="http://schemas.microsoft.com/developer/msbuild/2003">
  <ItemGroup>
    <Filter Include="Файлы исходного кода">
      <UniqueIdentifier>{4FC737F1-C7A5-4376-A066-2A32D752A2FF}</UniqueIdentifier>
      <Extensions>cpp;c;cc;cxx;def;odl;idl;hpj;bat;asm;asmx</Extensions>
    </Filter>
    <Filter Include="Заголовочные файлы">
      <UniqueIdentifier>{93995380-89BD-4b04-88EB-625FBE52EBFB}</UniqueIdentifier>
      <Extensions>h;hh;hpp;hxx;hm;inl;inc;xsd</Extensions>
    </Filter>
    <Filter Include="Файлы ресурсов">
      <UniqueIdentifier>{67DA6AB6-F800-4c08-8B7A-83BB121AAD01}</UniqueIdentifier>
      <Extensions>rc;ico;cur;bmp;dlg;rc2;rct;bin;rgs;gif;jpg;jpeg;jpe;resx;tiff;tif;png;wav;mfcribbon-ms</Extensions>
    </Filter>
    <Filter Include="Заголовочные файлы\Render">
      <UniqueIdentifier>{c0c4858d-b41a-49c4-99c9-401987b37ab0}</UniqueIdentifier>
    </Filter>
    <Filter Include="Файлы исходного кода\Render">
      <UniqueIdentifier>{3bdfb6bb-be5a-4470-8ac6-32521692686e}</UniqueIdentifier>
    </Filter>
    <Filter Include="Заголовочные файлы\TUI">
      <UniqueIdentifier>{65f2d5ee-3d4e-410a-9261-9371d93b1fc9}</UniqueIdentifier>
    </Filter>
    <Filter Include="Файлы исходного кода\TUI">
      <UniqueIdentifier>{be5ffa35-df52-4c10-bc1c-3f3ca9f8cb86}</UniqueIdentifier>
    </Filter>
    <Filter Include="Заголовочные файлы\Widget">
      <UniqueIdentifier>{7bedb29c-d198-4f4e-97b6-c719e2aa8409}</UniqueIdentifier>
    </Filter>
    <Filter Include="Файлы исходного кода\Widget">
      <UniqueIdentifier>{b7119f7f-9405-4dfc-bc27-02f4facf1201}</UniqueIdentifier>
    </Filter>
  </ItemGroup>
  <ItemGroup>
    <ClInclude Include="..\MicroTUI\Render\Buffer.h">
      <Filter>Заголовочные файлы\Render</Filter>
    </ClInclude>
    <ClInclude Include="..\MicroTUI\Render\Color.hpp">
      <Filter>Заголовочные файлы\Render</Filter>
    </ClInclude>
    <ClInclude Include="..\MicroTUI\Render\Cursor.h">
      <Filter>Заголовочные файлы\Render</Filter>
    </ClInclude>
    <ClInclude Include="..\MicroTUI\Render\Render.h">
      <Filter>Заголовочные файлы\Render</Filter>
    </ClInclude>
    <ClInclude Include="..\MicroTUI\Render\ScreenBuffer.h">
      <Filter>Заголовочные файлы\Render</Filter>
    </ClInclude>
    <ClInclude Include="..\MicroTUI\Render\Size.hpp">
      <Filter>Заголовочные файлы\Render</Filter>
    </ClInclude>
    <ClInclude Include="..\MicroTUI\Widget\GroupBox.h">
      <Filter>Заголовочные файлы\Widget</Filter>
    </ClInclude>
    <ClInclude Include="..\MicroTUI\Widget\Label.h">
      <Filter>Заголовочные файлы\Widget</Filter>
    </ClInclude>
    <ClInclude Include="..\MicroTUI\TUI\Mouse.h">
      <Filter>Заголовочные файлы\TUI</Filter>
    </ClInclude>
    <ClInclude Include="..\MicroTUI\Widget\ProgressBar.h">
      <Filter>Заголовочные файлы\Widget</Filter>
    </ClInclude>
    <ClInclude Include="..\MicroTUI\Widget\Widget.h">
      <Filter>Заголовочные файлы\Widget</Filter>
    </ClInclude>
    <ClInclude Include="..\MicroTUI\TUI\Window.h">
      <Filter>Заголовочные файлы\TUI</Filter>
    </ClInclude>
    <ClInclude Include="..\MicroTUI\TUI\TUI.h">
      <Filter>Заголовочные файлы\TUI</Filter>
    </ClInclude>
    <ClInclude Include="..\MicroTUI\Widget\Button.h">
      <Filter>Заголовочные файлы\Widget</Filter>
    </ClInclude>
  </ItemGroup>
  <ItemGroup>
    <ClCompile Include="..\main.cpp">
      <Filter>Файлы исходного кода</Filter>
    </ClCompile>
    <ClCompile Include="..\MicroTUI\Render\Buffer.cpp">
      <Filter>Файлы исходного кода\Render</Filter>
    </ClCompile>
    <ClCompile Include="..\MicroTUI\Render\Cursor.cpp">
      <Filter>Файлы исходного кода\Render</Filter>
    </ClCompile>
    <ClCompile Include="..\MicroTUI\Render\Render.cpp">
      <Filter>Файлы исходного кода\Render</Filter>
    </ClCompile>
    <ClCompile Include="..\MicroTUI\Widget\GroupBox.cpp">
      <Filter>Файлы исходного кода\Widget</Filter>
    </ClCompile>
    <ClCompile Include="..\MicroTUI\Widget\Label.cpp">
      <Filter>Файлы исходного кода\Widget</Filter>
    </ClCompile>
    <ClCompile Include="..\MicroTUI\TUI\Mouse.cpp">
      <Filter>Файлы исходного кода\TUI</Filter>
    </ClCompile>
    <ClCompile Include="..\MicroTUI\Widget\ProgressBar.cpp">
      <Filter>Файлы исходного кода\Widget</Filter>
    </ClCompile>
    <ClCompile Include="..\MicroTUI\TUI\TUI.cpp">
      <Filter>Файлы исходного кода\TUI</Filter>
    </ClCompile>
    <ClCompile Include="..\MicroTUI\Widget\Widget.cpp">
      <Filter>Файлы исходного кода\Widget</Filter>
    </ClCompile>
    <ClCompile Include="..\MicroTUI\TUI\Window.cpp">
      <Filter>Файлы исходного кода\TUI</Filter>
    </ClCompile>
    <ClCompile Include="..\MicroTUI\Widget\Button.cpp">
      <Filter>Файлы исходного кода\Widget</Filter>
    </ClCompile>
    <ClCompile Include="..\MicroTUI\Render\ScreenBuffer.cpp">
      <Filter>Файлы исходного кода\Render</Filter>
    </ClCompile>
  </ItemGroup>
</Project>